
Microsoft Visual Studio Solution File, Format Version 12.00
# Visual Studio Version 17
VisualStudioVersion = 17.7.34221.43
MinimumVisualStudioVersion = 10.0.40219.1
Project("{2150E333-8FDC-42A3-9474-1A3956D46DE8}") = "Exercices", "Exercices", "{BF46A6DA-BE3B-4CCA-8B2D-EB76956D121F}"
EndProject
Project("{9A19103F-16F7-4668-BE54-9A1E7A4F7556}") = "GestionBanque8", ".\GestionBanque8\GestionBanque8.csproj", "{8B19D826-78A3-46F1-97A5-914D936331FC}"
EndProject
Project("{9A19103F-16F7-4668-BE54-9A1E7A4F7556}") = "GestionBanque9", ".\GestionBanque9\GestionBanque9.csproj", "{0EE2E1CD-56C2-4723-A82A-B6DE59B3A8F2}"
EndProject
Project("{2150E333-8FDC-42A3-9474-1A3956D46DE8}") = "Démos", "Démos", "{3FC0AF62-34BE-4CCB-AD41-C2C4C7415E1C}"
EndProject
Project("{9A19103F-16F7-4668-BE54-9A1E7A4F7556}") = "Demo-exception", ".\Demo-exception\Demo-exception.csproj", "{DAF5053F-B9A5-4C26-A451-91DE119C6F20}"
EndProject
Global
	GlobalSection(SolutionConfigurationPlatforms) = preSolution
		Debug|Any CPU = Debug|Any CPU
		Release|Any CPU = Release|Any CPU
	EndGlobalSection
	GlobalSection(ProjectConfigurationPlatforms) = postSolution
		{8B19D826-78A3-46F1-97A5-914D936331FC}.Debug|Any CPU.ActiveCfg = Debug|Any CPU
		{8B19D826-78A3-46F1-97A5-914D936331FC}.Debug|Any CPU.Build.0 = Debug|Any CPU
		{8B19D826-78A3-46F1-97A5-914D936331FC}.Release|Any CPU.ActiveCfg = Release|Any CPU
		{8B19D826-78A3-46F1-97A5-914D936331FC}.Release|Any CPU.Build.0 = Release|Any CPU
		{0EE2E1CD-56C2-4723-A82A-B6DE59B3A8F2}.Debug|Any CPU.ActiveCfg = Debug|Any CPU
		{0EE2E1CD-56C2-4723-A82A-B6DE59B3A8F2}.Debug|Any CPU.Build.0 = Debug|Any CPU
		{0EE2E1CD-56C2-4723-A82A-B6DE59B3A8F2}.Release|Any CPU.ActiveCfg = Release|Any CPU
		{0EE2E1CD-56C2-4723-A82A-B6DE59B3A8F2}.Release|Any CPU.Build.0 = Release|Any CPU
		{DAF5053F-B9A5-4C26-A451-91DE119C6F20}.Debug|Any CPU.ActiveCfg = Debug|Any CPU
		{DAF5053F-B9A5-4C26-A451-91DE119C6F20}.Debug|Any CPU.Build.0 = Debug|Any CPU
		{DAF5053F-B9A5-4C26-A451-91DE119C6F20}.Release|Any CPU.ActiveCfg = Release|Any CPU
		{DAF5053F-B9A5-4C26-A451-91DE119C6F20}.Release|Any CPU.Build.0 = Release|Any CPU
	EndGlobalSection
	GlobalSection(SolutionProperties) = preSolution
		HideSolutionNode = FALSE
	EndGlobalSection
	GlobalSection(NestedProjects) = preSolution
		{8B19D826-78A3-46F1-97A5-914D936331FC} = {BF46A6DA-BE3B-4CCA-8B2D-EB76956D121F}
		{0EE2E1CD-56C2-4723-A82A-B6DE59B3A8F2} = {BF46A6DA-BE3B-4CCA-8B2D-EB76956D121F}
		{DAF5053F-B9A5-4C26-A451-91DE119C6F20} = {3FC0AF62-34BE-4CCB-AD41-C2C4C7415E1C}
	EndGlobalSection
	GlobalSection(ExtensibilityGlobals) = postSolution
		SolutionGuid = {42946028-6841-45FB-9EFA-CB1762AD7425}
	EndGlobalSection
EndGlobal
