
Microsoft Visual Studio Solution File, Format Version 12.00
# Visual Studio Version 17
VisualStudioVersion = 17.7.34221.43
MinimumVisualStudioVersion = 10.0.40219.1
Project("{FAE04EC0-301F-11D3-BF4B-00C04F79EFBC}") = "Demo-exception", "Demo-exception.csproj", "{C7E4673B-5564-425F-8EE6-D7D7C6CDB74F}"
EndProject
Global
	GlobalSection(SolutionConfigurationPlatforms) = preSolution
		Debug|Any CPU = Debug|Any CPU
		Release|Any CPU = Release|Any CPU
	EndGlobalSection
	GlobalSection(ProjectConfigurationPlatforms) = postSolution
		{C7E4673B-5564-425F-8EE6-D7D7C6CDB74F}.Debug|Any CPU.ActiveCfg = Debug|Any CPU
		{C7E4673B-5564-425F-8EE6-D7D7C6CDB74F}.Debug|Any CPU.Build.0 = Debug|Any CPU
		{C7E4673B-5564-425F-8EE6-D7D7C6CDB74F}.Release|Any CPU.ActiveCfg = Release|Any CPU
		{C7E4673B-5564-425F-8EE6-D7D7C6CDB74F}.Release|Any CPU.Build.0 = Release|Any CPU
	EndGlobalSection
	GlobalSection(SolutionProperties) = preSolution
		HideSolutionNode = FALSE
	EndGlobalSection
	GlobalSection(ExtensibilityGlobals) = postSolution
		SolutionGuid = {E2FAA55B-CC95-4243-A878-22E4D3ED7084}
	EndGlobalSection
EndGlobal
